
Microsoft Visual Studio Solution File, Format Version 12.00
# Visual Studio Version 16
VisualStudioVersion = 16.0.30907.101
MinimumVisualStudioVersion = 10.0.40219.1
Project("{FAE04EC0-301F-11D3-BF4B-00C04F79EFBC}") = "CsKamp", "CsKamp\CsKamp.csproj", "{9C2C8055-BB73-4458-AA30-16D8DC244E2D}"
EndProject
Global
	GlobalSection(SolutionConfigurationPlatforms) = preSolution
		Debug|Any CPU = Debug|Any CPU
		Release|Any CPU = Release|Any CPU
	EndGlobalSection
	GlobalSection(ProjectConfigurationPlatforms) = postSolution
		{9C2C8055-BB73-4458-AA30-16D8DC244E2D}.Debug|Any CPU.ActiveCfg = Debug|Any CPU
		{9C2C8055-BB73-4458-AA30-16D8DC244E2D}.Debug|Any CPU.Build.0 = Debug|Any CPU
		{9C2C8055-BB73-4458-AA30-16D8DC244E2D}.Release|Any CPU.ActiveCfg = Release|Any CPU
		{9C2C8055-BB73-4458-AA30-16D8DC244E2D}.Release|Any CPU.Build.0 = Release|Any CPU
	EndGlobalSection
	GlobalSection(SolutionProperties) = preSolution
		HideSolutionNode = FALSE
	EndGlobalSection
	GlobalSection(ExtensibilityGlobals) = postSolution
		SolutionGuid = {51D54D38-52D1-4E6A-806A-005AEC4ABCB0}
	EndGlobalSection
EndGlobal
